
Microsoft Visual Studio Solution File, Format Version 12.00
# Visual Studio 15
VisualStudioVersion = 15.0.27130.0
MinimumVisualStudioVersion = 10.0.40219.1
Project("{FAE04EC0-301F-11D3-BF4B-00C04F79EFBC}") = "Pangea", "Pangea\Pangea.csproj", "{D5538D75-6732-47CE-9018-60ABC27C0CDF}"
EndProject
Project("{9A19103F-16F7-4668-BE54-9A1E7A4F7556}") = "Pangea.Services", "Pangea.Services\Pangea.Services.csproj", "{305CF71E-885E-46EB-BFE6-ADD605720EC9}"
EndProject
Global
	GlobalSection(SolutionConfigurationPlatforms) = preSolution
		Debug|Any CPU = Debug|Any CPU
		Release|Any CPU = Release|Any CPU
	EndGlobalSection
	GlobalSection(ProjectConfigurationPlatforms) = postSolution
		{D5538D75-6732-47CE-9018-60ABC27C0CDF}.Debug|Any CPU.ActiveCfg = Debug|Any CPU
		{D5538D75-6732-47CE-9018-60ABC27C0CDF}.Debug|Any CPU.Build.0 = Debug|Any CPU
		{D5538D75-6732-47CE-9018-60ABC27C0CDF}.Release|Any CPU.ActiveCfg = Release|Any CPU
		{D5538D75-6732-47CE-9018-60ABC27C0CDF}.Release|Any CPU.Build.0 = Release|Any CPU
		{305CF71E-885E-46EB-BFE6-ADD605720EC9}.Debug|Any CPU.ActiveCfg = Debug|Any CPU
		{305CF71E-885E-46EB-BFE6-ADD605720EC9}.Debug|Any CPU.Build.0 = Debug|Any CPU
		{305CF71E-885E-46EB-BFE6-ADD605720EC9}.Release|Any CPU.ActiveCfg = Release|Any CPU
		{305CF71E-885E-46EB-BFE6-ADD605720EC9}.Release|Any CPU.Build.0 = Release|Any CPU
	EndGlobalSection
	GlobalSection(SolutionProperties) = preSolution
		HideSolutionNode = FALSE
	EndGlobalSection
	GlobalSection(ExtensibilityGlobals) = postSolution
		SolutionGuid = {93C2CA24-AFA4-4550-87D7-BA8431220696}
	EndGlobalSection
EndGlobal
